
Microsoft Visual Studio Solution File, Format Version 12.00
# Visual Studio Version 17
VisualStudioVersion = 17.6.33829.357
MinimumVisualStudioVersion = 10.0.40219.1
Project("{FAE04EC0-301F-11D3-BF4B-00C04F79EFBC}") = "Ex04Web", "Ex04Web\Ex04Web.csproj", "{D60E9311-7EFD-45AA-B28A-E3BAB5D59EFD}"
EndProject
Global
	GlobalSection(SolutionConfigurationPlatforms) = preSolution
		Debug|Any CPU = Debug|Any CPU
		Release|Any CPU = Release|Any CPU
	EndGlobalSection
	GlobalSection(ProjectConfigurationPlatforms) = postSolution
		{D60E9311-7EFD-45AA-B28A-E3BAB5D59EFD}.Debug|Any CPU.ActiveCfg = Debug|Any CPU
		{D60E9311-7EFD-45AA-B28A-E3BAB5D59EFD}.Debug|Any CPU.Build.0 = Debug|Any CPU
		{D60E9311-7EFD-45AA-B28A-E3BAB5D59EFD}.Release|Any CPU.ActiveCfg = Release|Any CPU
		{D60E9311-7EFD-45AA-B28A-E3BAB5D59EFD}.Release|Any CPU.Build.0 = Release|Any CPU
	EndGlobalSection
	GlobalSection(SolutionProperties) = preSolution
		HideSolutionNode = FALSE
	EndGlobalSection
	GlobalSection(ExtensibilityGlobals) = postSolution
		SolutionGuid = {BEE2855C-1CB5-45ED-9653-C413466DB3C6}
	EndGlobalSection
EndGlobal
